# THIS IS AN AUTOGENERATED FILE. DO NOT EDIT THIS FILE DIRECTLY.
# yarn lockfile v1


unique-random-array@^3.0.0:
  version "3.0.0"
  resolved "https://registry.yarnpkg.com/unique-random-array/-/unique-random-array-3.0.0.tgz#db0c11c885d674c39050a79cf25d11b09ff97c22"
  integrity sha512-AETNmMf8dV7VfCu4pM5SO1nKkZZp3lZsbHk9VxkvR2ZjMYy4mzWwzez0g+ZtYIr+RaVH+UN8A003E7woM/ud7Q==
  dependencies:
    unique-random "^3.0.0"

unique-random@^3.0.0:
  version "3.0.0"
  resolved "https://registry.yarnpkg.com/unique-random/-/unique-random-3.0.0.tgz#ddf20e62d2f5af1dbd606602fb5b5821588c8469"
  integrity sha512-4vjtE3pH6xO5OmsSmjc6KPgHy2rbCw66BbMRLIyXkuq+WzOKA1oNkqQ+Y7Lh+sE0DrOrWMSpFkivhhzCF7J6HA==
